
Microsoft Visual Studio Solution File, Format Version 10.00
# Visual C++ Express 2008
Project("{8BC9CEB8-8B4A-11D0-8D11-00A0C91BC942}") = "quake2", "quake2.vcproj", "{60F6FC83-0158-4DF2-81AB-9828237ADE1F}"
EndProject
Global
	GlobalSection(SolutionConfigurationPlatforms) = preSolution
		Debug Alpha|Win32 = Debug Alpha|Win32
		Debug|Win32 = Debug|Win32
		Release Alpha|Win32 = Release Alpha|Win32
		Release|Win32 = Release|Win32
	EndGlobalSection
	GlobalSection(ProjectConfigurationPlatforms) = postSolution
		{60F6FC83-0158-4DF2-81AB-9828237ADE1F}.Debug Alpha|Win32.ActiveCfg = Debug Alpha|Win32
		{60F6FC83-0158-4DF2-81AB-9828237ADE1F}.Debug Alpha|Win32.Build.0 = Debug Alpha|Win32
		{60F6FC83-0158-4DF2-81AB-9828237ADE1F}.Debug|Win32.ActiveCfg = Debug|Win32
		{60F6FC83-0158-4DF2-81AB-9828237ADE1F}.Debug|Win32.Build.0 = Debug|Win32
		{60F6FC83-0158-4DF2-81AB-9828237ADE1F}.Release Alpha|Win32.ActiveCfg = Release Alpha|Win32
		{60F6FC83-0158-4DF2-81AB-9828237ADE1F}.Release Alpha|Win32.Build.0 = Release Alpha|Win32
		{60F6FC83-0158-4DF2-81AB-9828237ADE1F}.Release|Win32.ActiveCfg = Release|Win32
		{60F6FC83-0158-4DF2-81AB-9828237ADE1F}.Release|Win32.Build.0 = Release|Win32
	EndGlobalSection
	GlobalSection(SolutionProperties) = preSolution
		HideSolutionNode = FALSE
	EndGlobalSection
EndGlobal
